
Microsoft Visual Studio Solution File, Format Version 12.00
# Visual Studio 15
VisualStudioVersion = 15.0.28307.572
MinimumVisualStudioVersion = 10.0.40219.1
Project("{9A19103F-16F7-4668-BE54-9A1E7A4F7556}") = "Daiwa", "HelloWorld\Daiwa.csproj", "{092961A2-651B-4875-8268-411F604FB338}"
EndProject
Project("{FAE04EC0-301F-11D3-BF4B-00C04F79EFBC}") = "test", "test\test.csproj", "{7B5FF513-E879-4FAC-B4CE-C45B05C4C45C}"
EndProject
Global
	GlobalSection(SolutionConfigurationPlatforms) = preSolution
		Debug|Any CPU = Debug|Any CPU
		Release|Any CPU = Release|Any CPU
	EndGlobalSection
	GlobalSection(ProjectConfigurationPlatforms) = postSolution
		{092961A2-651B-4875-8268-411F604FB338}.Debug|Any CPU.ActiveCfg = Debug|Any CPU
		{092961A2-651B-4875-8268-411F604FB338}.Debug|Any CPU.Build.0 = Debug|Any CPU
		{092961A2-651B-4875-8268-411F604FB338}.Release|Any CPU.ActiveCfg = Release|Any CPU
		{092961A2-651B-4875-8268-411F604FB338}.Release|Any CPU.Build.0 = Release|Any CPU
		{7B5FF513-E879-4FAC-B4CE-C45B05C4C45C}.Debug|Any CPU.ActiveCfg = Debug|Any CPU
		{7B5FF513-E879-4FAC-B4CE-C45B05C4C45C}.Debug|Any CPU.Build.0 = Debug|Any CPU
		{7B5FF513-E879-4FAC-B4CE-C45B05C4C45C}.Release|Any CPU.ActiveCfg = Release|Any CPU
		{7B5FF513-E879-4FAC-B4CE-C45B05C4C45C}.Release|Any CPU.Build.0 = Release|Any CPU
	EndGlobalSection
	GlobalSection(SolutionProperties) = preSolution
		HideSolutionNode = FALSE
	EndGlobalSection
	GlobalSection(ExtensibilityGlobals) = postSolution
		SolutionGuid = {23D12FA0-6046-4EEC-A2A0-6E039D7ED3F3}
	EndGlobalSection
EndGlobal
